
Microsoft Visual Studio Solution File, Format Version 12.00
# Visual Studio Version 17
VisualStudioVersion = 17.10.34928.147
MinimumVisualStudioVersion = 10.0.40219.1
Project("{9A19103F-16F7-4668-BE54-9A1E7A4F7556}") = "GUI", "DataStoreDesktop\GUI.csproj", "{D9DD1F07-E0DA-46E5-9944-C6AC62DFE40D}"
EndProject
Project("{FAE04EC0-301F-11D3-BF4B-00C04F79EFBC}") = "BLL", "BLL\BLL.csproj", "{48B59158-56FD-449D-91F5-5CE9E2D91E58}"
EndProject
Project("{FAE04EC0-301F-11D3-BF4B-00C04F79EFBC}") = "DAL", "DAL\DAL.csproj", "{82F23AF9-6414-4778-BB88-F7AE0839B008}"
EndProject
Project("{FAE04EC0-301F-11D3-BF4B-00C04F79EFBC}") = "MODEL", "MODEL\MODEL.csproj", "{74EFBE5E-AD97-4FF3-B858-F3680AC6DBDF}"
EndProject
Global
	GlobalSection(SolutionConfigurationPlatforms) = preSolution
		Debug|Any CPU = Debug|Any CPU
		Release|Any CPU = Release|Any CPU
	EndGlobalSection
	GlobalSection(ProjectConfigurationPlatforms) = postSolution
		{D9DD1F07-E0DA-46E5-9944-C6AC62DFE40D}.Debug|Any CPU.ActiveCfg = Debug|Any CPU
		{D9DD1F07-E0DA-46E5-9944-C6AC62DFE40D}.Debug|Any CPU.Build.0 = Debug|Any CPU
		{D9DD1F07-E0DA-46E5-9944-C6AC62DFE40D}.Release|Any CPU.ActiveCfg = Release|Any CPU
		{D9DD1F07-E0DA-46E5-9944-C6AC62DFE40D}.Release|Any CPU.Build.0 = Release|Any CPU
		{48B59158-56FD-449D-91F5-5CE9E2D91E58}.Debug|Any CPU.ActiveCfg = Debug|Any CPU
		{48B59158-56FD-449D-91F5-5CE9E2D91E58}.Debug|Any CPU.Build.0 = Debug|Any CPU
		{48B59158-56FD-449D-91F5-5CE9E2D91E58}.Release|Any CPU.ActiveCfg = Release|Any CPU
		{48B59158-56FD-449D-91F5-5CE9E2D91E58}.Release|Any CPU.Build.0 = Release|Any CPU
		{82F23AF9-6414-4778-BB88-F7AE0839B008}.Debug|Any CPU.ActiveCfg = Debug|Any CPU
		{82F23AF9-6414-4778-BB88-F7AE0839B008}.Debug|Any CPU.Build.0 = Debug|Any CPU
		{82F23AF9-6414-4778-BB88-F7AE0839B008}.Release|Any CPU.ActiveCfg = Release|Any CPU
		{82F23AF9-6414-4778-BB88-F7AE0839B008}.Release|Any CPU.Build.0 = Release|Any CPU
		{74EFBE5E-AD97-4FF3-B858-F3680AC6DBDF}.Debug|Any CPU.ActiveCfg = Debug|Any CPU
		{74EFBE5E-AD97-4FF3-B858-F3680AC6DBDF}.Debug|Any CPU.Build.0 = Debug|Any CPU
		{74EFBE5E-AD97-4FF3-B858-F3680AC6DBDF}.Release|Any CPU.ActiveCfg = Release|Any CPU
		{74EFBE5E-AD97-4FF3-B858-F3680AC6DBDF}.Release|Any CPU.Build.0 = Release|Any CPU
	EndGlobalSection
	GlobalSection(SolutionProperties) = preSolution
		HideSolutionNode = FALSE
	EndGlobalSection
	GlobalSection(ExtensibilityGlobals) = postSolution
		SolutionGuid = {CBCFFE36-DB3E-46C4-9CB1-425E07A892CF}
	EndGlobalSection
EndGlobal
